
Microsoft Visual Studio Solution File, Format Version 12.00
# Visual Studio 2012
Project("{FAE04EC0-301F-11D3-BF4B-00C04F79EFBC}") = "QR-codegenerator", "QR-codegenerator\QR-codegenerator.csproj", "{C82E2671-4C27-48FC-83B1-79753D9B9697}"
EndProject
Global
	GlobalSection(SolutionConfigurationPlatforms) = preSolution
		Debug|Any CPU = Debug|Any CPU
		Release|Any CPU = Release|Any CPU
	EndGlobalSection
	GlobalSection(ProjectConfigurationPlatforms) = postSolution
		{C82E2671-4C27-48FC-83B1-79753D9B9697}.Debug|Any CPU.ActiveCfg = Debug|Any CPU
		{C82E2671-4C27-48FC-83B1-79753D9B9697}.Debug|Any CPU.Build.0 = Debug|Any CPU
		{C82E2671-4C27-48FC-83B1-79753D9B9697}.Release|Any CPU.ActiveCfg = Release|Any CPU
		{C82E2671-4C27-48FC-83B1-79753D9B9697}.Release|Any CPU.Build.0 = Release|Any CPU
	EndGlobalSection
EndGlobal
