
Microsoft Visual Studio Solution File, Format Version 12.00
# Visual Studio 2012
Project("{FAE04EC0-301F-11D3-BF4B-00C04F79EFBC}") = "Robot_stratenplan", "Robot_stratenplan\Robot_stratenplan.csproj", "{6FF49AF8-A684-44BF-A850-D26530C0E4B7}"
EndProject
Project("{FAE04EC0-301F-11D3-BF4B-00C04F79EFBC}") = "Robot_stratenplan.UITests", "Robot_stratenplan.UITests\Robot_stratenplan.UITests.csproj", "{B72CA5E3-FFCF-4E16-BE66-E5A2678E355E}"
EndProject
Global
	GlobalSection(SolutionConfigurationPlatforms) = preSolution
		Debug|Any CPU = Debug|Any CPU
		Release|Any CPU = Release|Any CPU
	EndGlobalSection
	GlobalSection(ProjectConfigurationPlatforms) = postSolution
		{6FF49AF8-A684-44BF-A850-D26530C0E4B7}.Debug|Any CPU.ActiveCfg = Debug|Any CPU
		{6FF49AF8-A684-44BF-A850-D26530C0E4B7}.Debug|Any CPU.Build.0 = Debug|Any CPU
		{6FF49AF8-A684-44BF-A850-D26530C0E4B7}.Release|Any CPU.ActiveCfg = Release|Any CPU
		{6FF49AF8-A684-44BF-A850-D26530C0E4B7}.Release|Any CPU.Build.0 = Release|Any CPU
		{B72CA5E3-FFCF-4E16-BE66-E5A2678E355E}.Debug|Any CPU.ActiveCfg = Debug|Any CPU
		{B72CA5E3-FFCF-4E16-BE66-E5A2678E355E}.Debug|Any CPU.Build.0 = Debug|Any CPU
		{B72CA5E3-FFCF-4E16-BE66-E5A2678E355E}.Release|Any CPU.ActiveCfg = Release|Any CPU
		{B72CA5E3-FFCF-4E16-BE66-E5A2678E355E}.Release|Any CPU.Build.0 = Release|Any CPU
	EndGlobalSection
EndGlobal
